
Microsoft Visual Studio Solution File, Format Version 12.00
# Visual Studio Version 17
VisualStudioVersion = 17.10.35013.160
MinimumVisualStudioVersion = 10.0.40219.1
Project("{FAE04EC0-301F-11D3-BF4B-00C04F79EFBC}") = "BlazorGestorDeMetas", "BlazorGestorDeMetas\BlazorGestorDeMetas.csproj", "{96A2A6D0-8D64-442A-9318-611BFB1BD088}"
EndProject
Project("{FAE04EC0-301F-11D3-BF4B-00C04F79EFBC}") = "BlazorGestorDeMetas.Client", "BlazorGestorDeMetas.Client\BlazorGestorDeMetas.Client.csproj", "{B37EB7B8-5114-48C1-BEE4-2C2BE89DBBF8}"
EndProject
Project("{FAE04EC0-301F-11D3-BF4B-00C04F79EFBC}") = "GestorDeMetas.Shared", "..\GestorDeMetas.Shared\GestorDeMetas.Shared.csproj", "{C491C904-C977-4B1C-A2CC-17BEF5D939EC}"
EndProject
Global
	GlobalSection(SolutionConfigurationPlatforms) = preSolution
		Debug|Any CPU = Debug|Any CPU
		Release|Any CPU = Release|Any CPU
	EndGlobalSection
	GlobalSection(ProjectConfigurationPlatforms) = postSolution
		{96A2A6D0-8D64-442A-9318-611BFB1BD088}.Debug|Any CPU.ActiveCfg = Debug|Any CPU
		{96A2A6D0-8D64-442A-9318-611BFB1BD088}.Debug|Any CPU.Build.0 = Debug|Any CPU
		{96A2A6D0-8D64-442A-9318-611BFB1BD088}.Release|Any CPU.ActiveCfg = Release|Any CPU
		{96A2A6D0-8D64-442A-9318-611BFB1BD088}.Release|Any CPU.Build.0 = Release|Any CPU
		{B37EB7B8-5114-48C1-BEE4-2C2BE89DBBF8}.Debug|Any CPU.ActiveCfg = Debug|Any CPU
		{B37EB7B8-5114-48C1-BEE4-2C2BE89DBBF8}.Debug|Any CPU.Build.0 = Debug|Any CPU
		{B37EB7B8-5114-48C1-BEE4-2C2BE89DBBF8}.Release|Any CPU.ActiveCfg = Release|Any CPU
		{B37EB7B8-5114-48C1-BEE4-2C2BE89DBBF8}.Release|Any CPU.Build.0 = Release|Any CPU
		{C491C904-C977-4B1C-A2CC-17BEF5D939EC}.Debug|Any CPU.ActiveCfg = Debug|Any CPU
		{C491C904-C977-4B1C-A2CC-17BEF5D939EC}.Debug|Any CPU.Build.0 = Debug|Any CPU
		{C491C904-C977-4B1C-A2CC-17BEF5D939EC}.Release|Any CPU.ActiveCfg = Release|Any CPU
		{C491C904-C977-4B1C-A2CC-17BEF5D939EC}.Release|Any CPU.Build.0 = Release|Any CPU
	EndGlobalSection
	GlobalSection(SolutionProperties) = preSolution
		HideSolutionNode = FALSE
	EndGlobalSection
	GlobalSection(ExtensibilityGlobals) = postSolution
		SolutionGuid = {F004303A-0882-4B3E-B837-4257BB9D7AC6}
	EndGlobalSection
EndGlobal
